
Microsoft Visual Studio Solution File, Format Version 12.00
# Visual Studio 15
VisualStudioVersion = 15.0.28010.2046
MinimumVisualStudioVersion = 10.0.40219.1
Project("{FAE04EC0-301F-11D3-BF4B-00C04F79EFBC}") = "Sojo.TestPlatform.ControlPlatform", "ONLLYSDKSample_VC_Net\Sojo.TestPlatform.ControlPlatform.csproj", "{30709B26-6955-4A81-950C-8DAADF362512}"
	ProjectSection(ProjectDependencies) = postProject
		{200400E8-8391-4DD9-8EC7-399470A12625} = {200400E8-8391-4DD9-8EC7-399470A12625}
	EndProjectSection
EndProject
Project("{FAE04EC0-301F-11D3-BF4B-00C04F79EFBC}") = "Sojo.TestPlatform.PlatformModel", "Sojo.TestPlatform.PlatformModel\Sojo.TestPlatform.PlatformModel.csproj", "{200400E8-8391-4DD9-8EC7-399470A12625}"
EndProject
Project("{FAE04EC0-301F-11D3-BF4B-00C04F79EFBC}") = "Sojo.TestPlatform.Common", "Sojo.TestPlatform.Common\Sojo.TestPlatform.Common.csproj", "{CFAC307C-25B1-4C3C-8E21-E7734028D506}"
EndProject
Project("{FAE04EC0-301F-11D3-BF4B-00C04F79EFBC}") = "FTU.Monitor", "FTU.Monitor\FTU.Monitor\FTU.Monitor.csproj", "{5EABC8B3-6AC3-40F4-B4A9-2C5CAE4F752F}"
EndProject
Project("{FAE04EC0-301F-11D3-BF4B-00C04F79EFBC}") = "Sojo.Checkplatform.libcollect", "Sojo.Checkplatform.libcollect\Sojo.Checkplatform.libcollect.csproj", "{6EB46A26-6518-4998-967F-4E6E0D5CBDDE}"
EndProject
Global
	GlobalSection(SolutionConfigurationPlatforms) = preSolution
		Debug|Any CPU = Debug|Any CPU
		Debug|ARM = Debug|ARM
		Debug|x64 = Debug|x64
		Debug|x86 = Debug|x86
		Release|Any CPU = Release|Any CPU
		Release|ARM = Release|ARM
		Release|x64 = Release|x64
		Release|x86 = Release|x86
		TS|Any CPU = TS|Any CPU
		TS|ARM = TS|ARM
		TS|x64 = TS|x64
		TS|x86 = TS|x86
	EndGlobalSection
	GlobalSection(ProjectConfigurationPlatforms) = postSolution
		{30709B26-6955-4A81-950C-8DAADF362512}.Debug|Any CPU.ActiveCfg = Debug|Any CPU
		{30709B26-6955-4A81-950C-8DAADF362512}.Debug|Any CPU.Build.0 = Debug|Any CPU
		{30709B26-6955-4A81-950C-8DAADF362512}.Debug|ARM.ActiveCfg = Debug|Any CPU
		{30709B26-6955-4A81-950C-8DAADF362512}.Debug|ARM.Build.0 = Debug|Any CPU
		{30709B26-6955-4A81-950C-8DAADF362512}.Debug|x64.ActiveCfg = Debug|Any CPU
		{30709B26-6955-4A81-950C-8DAADF362512}.Debug|x64.Build.0 = Debug|Any CPU
		{30709B26-6955-4A81-950C-8DAADF362512}.Debug|x86.ActiveCfg = Debug|Any CPU
		{30709B26-6955-4A81-950C-8DAADF362512}.Debug|x86.Build.0 = Debug|Any CPU
		{30709B26-6955-4A81-950C-8DAADF362512}.Release|Any CPU.ActiveCfg = Release|Any CPU
		{30709B26-6955-4A81-950C-8DAADF362512}.Release|Any CPU.Build.0 = Release|Any CPU
		{30709B26-6955-4A81-950C-8DAADF362512}.Release|ARM.ActiveCfg = Release|Any CPU
		{30709B26-6955-4A81-950C-8DAADF362512}.Release|ARM.Build.0 = Release|Any CPU
		{30709B26-6955-4A81-950C-8DAADF362512}.Release|x64.ActiveCfg = Release|Any CPU
		{30709B26-6955-4A81-950C-8DAADF362512}.Release|x64.Build.0 = Release|Any CPU
		{30709B26-6955-4A81-950C-8DAADF362512}.Release|x86.ActiveCfg = Release|Any CPU
		{30709B26-6955-4A81-950C-8DAADF362512}.Release|x86.Build.0 = Release|Any CPU
		{30709B26-6955-4A81-950C-8DAADF362512}.TS|Any CPU.ActiveCfg = TS|Any CPU
		{30709B26-6955-4A81-950C-8DAADF362512}.TS|Any CPU.Build.0 = TS|Any CPU
		{30709B26-6955-4A81-950C-8DAADF362512}.TS|ARM.ActiveCfg = TS|Any CPU
		{30709B26-6955-4A81-950C-8DAADF362512}.TS|ARM.Build.0 = TS|Any CPU
		{30709B26-6955-4A81-950C-8DAADF362512}.TS|x64.ActiveCfg = TS|Any CPU
		{30709B26-6955-4A81-950C-8DAADF362512}.TS|x64.Build.0 = TS|Any CPU
		{30709B26-6955-4A81-950C-8DAADF362512}.TS|x86.ActiveCfg = TS|Any CPU
		{30709B26-6955-4A81-950C-8DAADF362512}.TS|x86.Build.0 = TS|Any CPU
		{200400E8-8391-4DD9-8EC7-399470A12625}.Debug|Any CPU.ActiveCfg = Debug|Any CPU
		{200400E8-8391-4DD9-8EC7-399470A12625}.Debug|Any CPU.Build.0 = Debug|Any CPU
		{200400E8-8391-4DD9-8EC7-399470A12625}.Debug|ARM.ActiveCfg = Debug|Any CPU
		{200400E8-8391-4DD9-8EC7-399470A12625}.Debug|ARM.Build.0 = Debug|Any CPU
		{200400E8-8391-4DD9-8EC7-399470A12625}.Debug|x64.ActiveCfg = Debug|Any CPU
		{200400E8-8391-4DD9-8EC7-399470A12625}.Debug|x64.Build.0 = Debug|Any CPU
		{200400E8-8391-4DD9-8EC7-399470A12625}.Debug|x86.ActiveCfg = Debug|Any CPU
		{200400E8-8391-4DD9-8EC7-399470A12625}.Debug|x86.Build.0 = Debug|Any CPU
		{200400E8-8391-4DD9-8EC7-399470A12625}.Release|Any CPU.ActiveCfg = Release|Any CPU
		{200400E8-8391-4DD9-8EC7-399470A12625}.Release|Any CPU.Build.0 = Release|Any CPU
		{200400E8-8391-4DD9-8EC7-399470A12625}.Release|ARM.ActiveCfg = Release|Any CPU
		{200400E8-8391-4DD9-8EC7-399470A12625}.Release|ARM.Build.0 = Release|Any CPU
		{200400E8-8391-4DD9-8EC7-399470A12625}.Release|x64.ActiveCfg = Release|Any CPU
		{200400E8-8391-4DD9-8EC7-399470A12625}.Release|x64.Build.0 = Release|Any CPU
		{200400E8-8391-4DD9-8EC7-399470A12625}.Release|x86.ActiveCfg = Release|Any CPU
		{200400E8-8391-4DD9-8EC7-399470A12625}.Release|x86.Build.0 = Release|Any CPU
		{200400E8-8391-4DD9-8EC7-399470A12625}.TS|Any CPU.ActiveCfg = Release|Any CPU
		{200400E8-8391-4DD9-8EC7-399470A12625}.TS|Any CPU.Build.0 = Release|Any CPU
		{200400E8-8391-4DD9-8EC7-399470A12625}.TS|ARM.ActiveCfg = Release|Any CPU
		{200400E8-8391-4DD9-8EC7-399470A12625}.TS|ARM.Build.0 = Release|Any CPU
		{200400E8-8391-4DD9-8EC7-399470A12625}.TS|x64.ActiveCfg = Release|Any CPU
		{200400E8-8391-4DD9-8EC7-399470A12625}.TS|x64.Build.0 = Release|Any CPU
		{200400E8-8391-4DD9-8EC7-399470A12625}.TS|x86.ActiveCfg = Release|Any CPU
		{200400E8-8391-4DD9-8EC7-399470A12625}.TS|x86.Build.0 = Release|Any CPU
		{CFAC307C-25B1-4C3C-8E21-E7734028D506}.Debug|Any CPU.ActiveCfg = Debug|Any CPU
		{CFAC307C-25B1-4C3C-8E21-E7734028D506}.Debug|Any CPU.Build.0 = Debug|Any CPU
		{CFAC307C-25B1-4C3C-8E21-E7734028D506}.Debug|ARM.ActiveCfg = Debug|Any CPU
		{CFAC307C-25B1-4C3C-8E21-E7734028D506}.Debug|ARM.Build.0 = Debug|Any CPU
		{CFAC307C-25B1-4C3C-8E21-E7734028D506}.Debug|x64.ActiveCfg = Debug|Any CPU
		{CFAC307C-25B1-4C3C-8E21-E7734028D506}.Debug|x64.Build.0 = Debug|Any CPU
		{CFAC307C-25B1-4C3C-8E21-E7734028D506}.Debug|x86.ActiveCfg = Debug|Any CPU
		{CFAC307C-25B1-4C3C-8E21-E7734028D506}.Debug|x86.Build.0 = Debug|Any CPU
		{CFAC307C-25B1-4C3C-8E21-E7734028D506}.Release|Any CPU.ActiveCfg = Release|Any CPU
		{CFAC307C-25B1-4C3C-8E21-E7734028D506}.Release|Any CPU.Build.0 = Release|Any CPU
		{CFAC307C-25B1-4C3C-8E21-E7734028D506}.Release|ARM.ActiveCfg = Release|Any CPU
		{CFAC307C-25B1-4C3C-8E21-E7734028D506}.Release|ARM.Build.0 = Release|Any CPU
		{CFAC307C-25B1-4C3C-8E21-E7734028D506}.Release|x64.ActiveCfg = Release|Any CPU
		{CFAC307C-25B1-4C3C-8E21-E7734028D506}.Release|x64.Build.0 = Release|Any CPU
		{CFAC307C-25B1-4C3C-8E21-E7734028D506}.Release|x86.ActiveCfg = Release|Any CPU
		{CFAC307C-25B1-4C3C-8E21-E7734028D506}.Release|x86.Build.0 = Release|Any CPU
		{CFAC307C-25B1-4C3C-8E21-E7734028D506}.TS|Any CPU.ActiveCfg = Release|Any CPU
		{CFAC307C-25B1-4C3C-8E21-E7734028D506}.TS|Any CPU.Build.0 = Release|Any CPU
		{CFAC307C-25B1-4C3C-8E21-E7734028D506}.TS|ARM.ActiveCfg = Release|Any CPU
		{CFAC307C-25B1-4C3C-8E21-E7734028D506}.TS|ARM.Build.0 = Release|Any CPU
		{CFAC307C-25B1-4C3C-8E21-E7734028D506}.TS|x64.ActiveCfg = Release|Any CPU
		{CFAC307C-25B1-4C3C-8E21-E7734028D506}.TS|x64.Build.0 = Release|Any CPU
		{CFAC307C-25B1-4C3C-8E21-E7734028D506}.TS|x86.ActiveCfg = Release|Any CPU
		{CFAC307C-25B1-4C3C-8E21-E7734028D506}.TS|x86.Build.0 = Release|Any CPU
		{5EABC8B3-6AC3-40F4-B4A9-2C5CAE4F752F}.Debug|Any CPU.ActiveCfg = Debug|Any CPU
		{5EABC8B3-6AC3-40F4-B4A9-2C5CAE4F752F}.Debug|Any CPU.Build.0 = Debug|Any CPU
		{5EABC8B3-6AC3-40F4-B4A9-2C5CAE4F752F}.Debug|ARM.ActiveCfg = Debug|Any CPU
		{5EABC8B3-6AC3-40F4-B4A9-2C5CAE4F752F}.Debug|ARM.Build.0 = Debug|Any CPU
		{5EABC8B3-6AC3-40F4-B4A9-2C5CAE4F752F}.Debug|x64.ActiveCfg = Debug|Any CPU
		{5EABC8B3-6AC3-40F4-B4A9-2C5CAE4F752F}.Debug|x64.Build.0 = Debug|Any CPU
		{5EABC8B3-6AC3-40F4-B4A9-2C5CAE4F752F}.Debug|x86.ActiveCfg = Debug|Any CPU
		{5EABC8B3-6AC3-40F4-B4A9-2C5CAE4F752F}.Debug|x86.Build.0 = Debug|Any CPU
		{5EABC8B3-6AC3-40F4-B4A9-2C5CAE4F752F}.Release|Any CPU.ActiveCfg = Release|Any CPU
		{5EABC8B3-6AC3-40F4-B4A9-2C5CAE4F752F}.Release|Any CPU.Build.0 = Release|Any CPU
		{5EABC8B3-6AC3-40F4-B4A9-2C5CAE4F752F}.Release|ARM.ActiveCfg = Release|Any CPU
		{5EABC8B3-6AC3-40F4-B4A9-2C5CAE4F752F}.Release|ARM.Build.0 = Release|Any CPU
		{5EABC8B3-6AC3-40F4-B4A9-2C5CAE4F752F}.Release|x64.ActiveCfg = Release|Any CPU
		{5EABC8B3-6AC3-40F4-B4A9-2C5CAE4F752F}.Release|x64.Build.0 = Release|Any CPU
		{5EABC8B3-6AC3-40F4-B4A9-2C5CAE4F752F}.Release|x86.ActiveCfg = Release|Any CPU
		{5EABC8B3-6AC3-40F4-B4A9-2C5CAE4F752F}.Release|x86.Build.0 = Release|Any CPU
		{5EABC8B3-6AC3-40F4-B4A9-2C5CAE4F752F}.TS|Any CPU.ActiveCfg = Release|Any CPU
		{5EABC8B3-6AC3-40F4-B4A9-2C5CAE4F752F}.TS|Any CPU.Build.0 = Release|Any CPU
		{5EABC8B3-6AC3-40F4-B4A9-2C5CAE4F752F}.TS|ARM.ActiveCfg = Release|Any CPU
		{5EABC8B3-6AC3-40F4-B4A9-2C5CAE4F752F}.TS|ARM.Build.0 = Release|Any CPU
		{5EABC8B3-6AC3-40F4-B4A9-2C5CAE4F752F}.TS|x64.ActiveCfg = Release|Any CPU
		{5EABC8B3-6AC3-40F4-B4A9-2C5CAE4F752F}.TS|x64.Build.0 = Release|Any CPU
		{5EABC8B3-6AC3-40F4-B4A9-2C5CAE4F752F}.TS|x86.ActiveCfg = Release|Any CPU
		{5EABC8B3-6AC3-40F4-B4A9-2C5CAE4F752F}.TS|x86.Build.0 = Release|Any CPU
		{6EB46A26-6518-4998-967F-4E6E0D5CBDDE}.Debug|Any CPU.ActiveCfg = Debug|Any CPU
		{6EB46A26-6518-4998-967F-4E6E0D5CBDDE}.Debug|Any CPU.Build.0 = Debug|Any CPU
		{6EB46A26-6518-4998-967F-4E6E0D5CBDDE}.Debug|ARM.ActiveCfg = Debug|Any CPU
		{6EB46A26-6518-4998-967F-4E6E0D5CBDDE}.Debug|ARM.Build.0 = Debug|Any CPU
		{6EB46A26-6518-4998-967F-4E6E0D5CBDDE}.Debug|x64.ActiveCfg = Debug|Any CPU
		{6EB46A26-6518-4998-967F-4E6E0D5CBDDE}.Debug|x64.Build.0 = Debug|Any CPU
		{6EB46A26-6518-4998-967F-4E6E0D5CBDDE}.Debug|x86.ActiveCfg = Debug|Any CPU
		{6EB46A26-6518-4998-967F-4E6E0D5CBDDE}.Debug|x86.Build.0 = Debug|Any CPU
		{6EB46A26-6518-4998-967F-4E6E0D5CBDDE}.Release|Any CPU.ActiveCfg = Release|Any CPU
		{6EB46A26-6518-4998-967F-4E6E0D5CBDDE}.Release|Any CPU.Build.0 = Release|Any CPU
		{6EB46A26-6518-4998-967F-4E6E0D5CBDDE}.Release|ARM.ActiveCfg = Release|Any CPU
		{6EB46A26-6518-4998-967F-4E6E0D5CBDDE}.Release|ARM.Build.0 = Release|Any CPU
		{6EB46A26-6518-4998-967F-4E6E0D5CBDDE}.Release|x64.ActiveCfg = Release|Any CPU
		{6EB46A26-6518-4998-967F-4E6E0D5CBDDE}.Release|x64.Build.0 = Release|Any CPU
		{6EB46A26-6518-4998-967F-4E6E0D5CBDDE}.Release|x86.ActiveCfg = Release|Any CPU
		{6EB46A26-6518-4998-967F-4E6E0D5CBDDE}.Release|x86.Build.0 = Release|Any CPU
		{6EB46A26-6518-4998-967F-4E6E0D5CBDDE}.TS|Any CPU.ActiveCfg = Release|Any CPU
		{6EB46A26-6518-4998-967F-4E6E0D5CBDDE}.TS|Any CPU.Build.0 = Release|Any CPU
		{6EB46A26-6518-4998-967F-4E6E0D5CBDDE}.TS|ARM.ActiveCfg = Release|Any CPU
		{6EB46A26-6518-4998-967F-4E6E0D5CBDDE}.TS|ARM.Build.0 = Release|Any CPU
		{6EB46A26-6518-4998-967F-4E6E0D5CBDDE}.TS|x64.ActiveCfg = Release|Any CPU
		{6EB46A26-6518-4998-967F-4E6E0D5CBDDE}.TS|x64.Build.0 = Release|Any CPU
		{6EB46A26-6518-4998-967F-4E6E0D5CBDDE}.TS|x86.ActiveCfg = Release|Any CPU
		{6EB46A26-6518-4998-967F-4E6E0D5CBDDE}.TS|x86.Build.0 = Release|Any CPU
	EndGlobalSection
	GlobalSection(SolutionProperties) = preSolution
		HideSolutionNode = FALSE
	EndGlobalSection
	GlobalSection(ExtensibilityGlobals) = postSolution
		SolutionGuid = {49D7B77D-FF9B-4E42-B6BD-AD10BBB7936E}
	EndGlobalSection
EndGlobal
